
Microsoft Visual Studio Solution File, Format Version 12.00
# Visual Studio Version 16
VisualStudioVersion = 16.0.30907.101
MinimumVisualStudioVersion = 10.0.40219.1
Project("{FAE04EC0-301F-11D3-BF4B-00C04F79EFBC}") = "Mock2PropertyDemo", "Mock2PropertyDemo.csproj", "{F5E91A2A-7F47-4936-B9A2-C24FECCAABEE}"
EndProject
Project("{FAE04EC0-301F-11D3-BF4B-00C04F79EFBC}") = "PropertyTester", "..\PropertyTester\PropertyTester.csproj", "{432C88D8-70FF-4C80-816F-0472B31AFFC5}"
EndProject
Global
	GlobalSection(SolutionConfigurationPlatforms) = preSolution
		Debug|Any CPU = Debug|Any CPU
		Release|Any CPU = Release|Any CPU
	EndGlobalSection
	GlobalSection(ProjectConfigurationPlatforms) = postSolution
		{F5E91A2A-7F47-4936-B9A2-C24FECCAABEE}.Debug|Any CPU.ActiveCfg = Debug|Any CPU
		{F5E91A2A-7F47-4936-B9A2-C24FECCAABEE}.Debug|Any CPU.Build.0 = Debug|Any CPU
		{F5E91A2A-7F47-4936-B9A2-C24FECCAABEE}.Release|Any CPU.ActiveCfg = Release|Any CPU
		{F5E91A2A-7F47-4936-B9A2-C24FECCAABEE}.Release|Any CPU.Build.0 = Release|Any CPU
		{432C88D8-70FF-4C80-816F-0472B31AFFC5}.Debug|Any CPU.ActiveCfg = Debug|Any CPU
		{432C88D8-70FF-4C80-816F-0472B31AFFC5}.Debug|Any CPU.Build.0 = Debug|Any CPU
		{432C88D8-70FF-4C80-816F-0472B31AFFC5}.Release|Any CPU.ActiveCfg = Release|Any CPU
		{432C88D8-70FF-4C80-816F-0472B31AFFC5}.Release|Any CPU.Build.0 = Release|Any CPU
	EndGlobalSection
	GlobalSection(SolutionProperties) = preSolution
		HideSolutionNode = FALSE
	EndGlobalSection
	GlobalSection(ExtensibilityGlobals) = postSolution
		SolutionGuid = {03DF2770-8F69-4768-85C9-3FD8342BE33B}
	EndGlobalSection
EndGlobal
