
Microsoft Visual Studio Solution File, Format Version 12.00
# Visual Studio Version 16
VisualStudioVersion = 16.0.30907.101
MinimumVisualStudioVersion = 10.0.40219.1
Project("{FAE04EC0-301F-11D3-BF4B-00C04F79EFBC}") = "Account_HamdsOn", "Account_HamdsOn.csproj", "{BA43A701-4762-49A5-8B24-7701A32DD2AF}"
EndProject
Global
	GlobalSection(SolutionConfigurationPlatforms) = preSolution
		Debug|Any CPU = Debug|Any CPU
		Release|Any CPU = Release|Any CPU
	EndGlobalSection
	GlobalSection(ProjectConfigurationPlatforms) = postSolution
		{BA43A701-4762-49A5-8B24-7701A32DD2AF}.Debug|Any CPU.ActiveCfg = Debug|Any CPU
		{BA43A701-4762-49A5-8B24-7701A32DD2AF}.Debug|Any CPU.Build.0 = Debug|Any CPU
		{BA43A701-4762-49A5-8B24-7701A32DD2AF}.Release|Any CPU.ActiveCfg = Release|Any CPU
		{BA43A701-4762-49A5-8B24-7701A32DD2AF}.Release|Any CPU.Build.0 = Release|Any CPU
	EndGlobalSection
	GlobalSection(SolutionProperties) = preSolution
		HideSolutionNode = FALSE
	EndGlobalSection
	GlobalSection(ExtensibilityGlobals) = postSolution
		SolutionGuid = {8B03C385-1DBF-47C0-BBBF-C7AC90D8B7E0}
	EndGlobalSection
EndGlobal
