
Microsoft Visual Studio Solution File, Format Version 12.00
# Visual Studio Version 16
VisualStudioVersion = 16.0.30907.101
MinimumVisualStudioVersion = 10.0.40219.1
Project("{FAE04EC0-301F-11D3-BF4B-00C04F79EFBC}") = "DemoMoq1", "DemoMoq1.csproj", "{CAB935CB-E272-40D4-8F1D-7129AF3B7409}"
EndProject
Global
	GlobalSection(SolutionConfigurationPlatforms) = preSolution
		Debug|Any CPU = Debug|Any CPU
		Release|Any CPU = Release|Any CPU
	EndGlobalSection
	GlobalSection(ProjectConfigurationPlatforms) = postSolution
		{CAB935CB-E272-40D4-8F1D-7129AF3B7409}.Debug|Any CPU.ActiveCfg = Debug|Any CPU
		{CAB935CB-E272-40D4-8F1D-7129AF3B7409}.Debug|Any CPU.Build.0 = Debug|Any CPU
		{CAB935CB-E272-40D4-8F1D-7129AF3B7409}.Release|Any CPU.ActiveCfg = Release|Any CPU
		{CAB935CB-E272-40D4-8F1D-7129AF3B7409}.Release|Any CPU.Build.0 = Release|Any CPU
	EndGlobalSection
	GlobalSection(SolutionProperties) = preSolution
		HideSolutionNode = FALSE
	EndGlobalSection
	GlobalSection(ExtensibilityGlobals) = postSolution
		SolutionGuid = {A4664412-A58E-4D90-839F-92F4BEEF74C0}
	EndGlobalSection
EndGlobal
