
Microsoft Visual Studio Solution File, Format Version 12.00
# Visual Studio Version 16
VisualStudioVersion = 16.0.30907.101
MinimumVisualStudioVersion = 10.0.40219.1
Project("{FAE04EC0-301F-11D3-BF4B-00C04F79EFBC}") = "ITOrganisation", "ITOrganisation.csproj", "{14285668-EE8F-4C88-BB46-307901FC762E}"
EndProject
Global
	GlobalSection(SolutionConfigurationPlatforms) = preSolution
		Debug|Any CPU = Debug|Any CPU
		Release|Any CPU = Release|Any CPU
	EndGlobalSection
	GlobalSection(ProjectConfigurationPlatforms) = postSolution
		{14285668-EE8F-4C88-BB46-307901FC762E}.Debug|Any CPU.ActiveCfg = Debug|Any CPU
		{14285668-EE8F-4C88-BB46-307901FC762E}.Debug|Any CPU.Build.0 = Debug|Any CPU
		{14285668-EE8F-4C88-BB46-307901FC762E}.Release|Any CPU.ActiveCfg = Release|Any CPU
		{14285668-EE8F-4C88-BB46-307901FC762E}.Release|Any CPU.Build.0 = Release|Any CPU
	EndGlobalSection
	GlobalSection(SolutionProperties) = preSolution
		HideSolutionNode = FALSE
	EndGlobalSection
	GlobalSection(ExtensibilityGlobals) = postSolution
		SolutionGuid = {B1910659-2F5A-4843-8EA2-266959DEC59D}
	EndGlobalSection
EndGlobal
