
Microsoft Visual Studio Solution File, Format Version 12.00
# Visual Studio Version 16
VisualStudioVersion = 16.0.30907.101
MinimumVisualStudioVersion = 10.0.40219.1
Project("{FAE04EC0-301F-11D3-BF4B-00C04F79EFBC}") = "CustomerCommLib", "CustomerCommLib.csproj", "{6AA8BB71-6211-48A3-B5B8-47AE77064D58}"
EndProject
Project("{FAE04EC0-301F-11D3-BF4B-00C04F79EFBC}") = "CustomerComm.Test", "..\CustomerComm.Test\CustomerComm.Test.csproj", "{42473EEB-25D7-4D79-8C6D-4473E472FDD6}"
EndProject
Global
	GlobalSection(SolutionConfigurationPlatforms) = preSolution
		Debug|Any CPU = Debug|Any CPU
		Release|Any CPU = Release|Any CPU
	EndGlobalSection
	GlobalSection(ProjectConfigurationPlatforms) = postSolution
		{6AA8BB71-6211-48A3-B5B8-47AE77064D58}.Debug|Any CPU.ActiveCfg = Debug|Any CPU
		{6AA8BB71-6211-48A3-B5B8-47AE77064D58}.Debug|Any CPU.Build.0 = Debug|Any CPU
		{6AA8BB71-6211-48A3-B5B8-47AE77064D58}.Release|Any CPU.ActiveCfg = Release|Any CPU
		{6AA8BB71-6211-48A3-B5B8-47AE77064D58}.Release|Any CPU.Build.0 = Release|Any CPU
		{42473EEB-25D7-4D79-8C6D-4473E472FDD6}.Debug|Any CPU.ActiveCfg = Debug|Any CPU
		{42473EEB-25D7-4D79-8C6D-4473E472FDD6}.Debug|Any CPU.Build.0 = Debug|Any CPU
		{42473EEB-25D7-4D79-8C6D-4473E472FDD6}.Release|Any CPU.ActiveCfg = Release|Any CPU
		{42473EEB-25D7-4D79-8C6D-4473E472FDD6}.Release|Any CPU.Build.0 = Release|Any CPU
	EndGlobalSection
	GlobalSection(SolutionProperties) = preSolution
		HideSolutionNode = FALSE
	EndGlobalSection
	GlobalSection(ExtensibilityGlobals) = postSolution
		SolutionGuid = {9C6BCCAB-A81C-4656-BA1C-E0E9D089DA82}
	EndGlobalSection
EndGlobal
