
Microsoft Visual Studio Solution File, Format Version 12.00
# Visual Studio Version 16
VisualStudioVersion = 16.0.30907.101
MinimumVisualStudioVersion = 10.0.40219.1
Project("{FAE04EC0-301F-11D3-BF4B-00C04F79EFBC}") = "ConsoleApplicationASP.NetCore", "ConsoleApplicationASP.NetCore.csproj", "{7110F1AE-FFD5-47D4-98DB-38DA067D328F}"
EndProject
Global
	GlobalSection(SolutionConfigurationPlatforms) = preSolution
		Debug|Any CPU = Debug|Any CPU
		Release|Any CPU = Release|Any CPU
	EndGlobalSection
	GlobalSection(ProjectConfigurationPlatforms) = postSolution
		{7110F1AE-FFD5-47D4-98DB-38DA067D328F}.Debug|Any CPU.ActiveCfg = Debug|Any CPU
		{7110F1AE-FFD5-47D4-98DB-38DA067D328F}.Debug|Any CPU.Build.0 = Debug|Any CPU
		{7110F1AE-FFD5-47D4-98DB-38DA067D328F}.Release|Any CPU.ActiveCfg = Release|Any CPU
		{7110F1AE-FFD5-47D4-98DB-38DA067D328F}.Release|Any CPU.Build.0 = Release|Any CPU
	EndGlobalSection
	GlobalSection(SolutionProperties) = preSolution
		HideSolutionNode = FALSE
	EndGlobalSection
	GlobalSection(ExtensibilityGlobals) = postSolution
		SolutionGuid = {54775C99-1F16-4295-9D30-E1F5A1FFDEF2}
	EndGlobalSection
EndGlobal
