
Microsoft Visual Studio Solution File, Format Version 12.00
# Visual Studio Version 16
VisualStudioVersion = 16.0.30907.101
MinimumVisualStudioVersion = 10.0.40219.1
Project("{FAE04EC0-301F-11D3-BF4B-00C04F79EFBC}") = "WindowsFormCalculatorHandson", "WindowsFormCalculatorHandson.csproj", "{02C10F61-3361-4563-A502-C72F9441AE03}"
EndProject
Global
	GlobalSection(SolutionConfigurationPlatforms) = preSolution
		Debug|Any CPU = Debug|Any CPU
		Release|Any CPU = Release|Any CPU
	EndGlobalSection
	GlobalSection(ProjectConfigurationPlatforms) = postSolution
		{02C10F61-3361-4563-A502-C72F9441AE03}.Debug|Any CPU.ActiveCfg = Debug|Any CPU
		{02C10F61-3361-4563-A502-C72F9441AE03}.Debug|Any CPU.Build.0 = Debug|Any CPU
		{02C10F61-3361-4563-A502-C72F9441AE03}.Release|Any CPU.ActiveCfg = Release|Any CPU
		{02C10F61-3361-4563-A502-C72F9441AE03}.Release|Any CPU.Build.0 = Release|Any CPU
	EndGlobalSection
	GlobalSection(SolutionProperties) = preSolution
		HideSolutionNode = FALSE
	EndGlobalSection
	GlobalSection(ExtensibilityGlobals) = postSolution
		SolutionGuid = {3CF4EB17-7FCF-4E50-A4F9-3D35C14B1BEC}
	EndGlobalSection
EndGlobal
